{
  "nodes": {
    "nixpkgs": {
      "locked": {
        "lastModified": 1699094435,
        "narHash": "sha256-YLZ5/KKZ1PyLrm2MO8UxRe4H3M0/oaYqNhSlq6FDeeA=",
        "owner": "NixOS",
        "repo": "nixpkgs",
        "rev": "9d5d25bbfe8c0297ebe85324addcb5020ed1a454",
        "type": "github"
      },
      "original": {
        "id": "nixpkgs",
        "ref": "nixpkgs-unstable",
        "type": "indirect"
      }
    },
    "root": {
      "inputs": {
        "nixpkgs": "nixpkgs",
        "troll": "troll"
      }
    },
    "troll": {
      "flake": false,
      "locked": {
        "lastModified": 1687200595,
        "narHash": "sha256-LKWxd1tcVTx8C3dYTvQOAUHRg9ElwVKMZrOa7VHNkvQ=",
        "owner": "sonnyp",
        "repo": "troll",
        "rev": "e7933a083681d23fce0078b0246fcff244af5ac3",
        "type": "github"
      },
      "original": {
        "owner": "sonnyp",
        "repo": "troll",
        "type": "github"
      }
    }
  },
  "root": "root",
  "version": 7
}
