lockfileVersion: '6.0'

settings:
  autoInstallPeers: true
  excludeLinksFromLockfile: false

devDependencies:
  '@girs/adw-1':
    specifier: 1.3.4-3.2.3
    version: 1.3.4-3.2.3
  '@girs/gjs':
    specifier: ^3.2.3
    version: 3.2.3
  '@girs/gtk-4.0':
    specifier: 4.10.5-3.2.3
    version: 4.10.5-3.2.3

packages:

  /@girs/adw-1@1.3.4-3.2.3:
    resolution: {integrity: sha512-96IssVoh5mJseKI1e0qTe4O+oUK5J/Zs3FGKfL193Dh7wFu0OTzdzdUwIqmLlJS+2YjaARB6SGSmfSzGDMC7IQ==}
    dependencies:
      '@girs/cairo-1.0': 1.0.0-3.2.3
      '@girs/freetype2-2.0': 2.0.0-3.2.3
      '@girs/gdk-4.0': 4.0.0-3.2.3
      '@girs/gdkpixbuf-2.0': 2.0.0-3.2.3
      '@girs/gio-2.0': 2.76.1-3.2.3
      '@girs/gjs': 3.2.3
      '@girs/glib-2.0': 2.76.1-3.2.3
      '@girs/gmodule-2.0': 2.0.0-3.2.3
      '@girs/gobject-2.0': 2.76.1-3.2.3
      '@girs/graphene-1.0': 1.0.0-3.2.3
      '@girs/gsk-4.0': 4.0.0-3.2.3
      '@girs/gtk-4.0': 4.10.5-3.2.3
      '@girs/harfbuzz-0.0': 7.1.0-3.2.3
      '@girs/pango-1.0': 1.50.14-3.2.3
      '@girs/pangocairo-1.0': 1.0.0-3.2.3
    dev: true

  /@girs/cairo-1.0@1.0.0-3.2.3:
    resolution: {integrity: sha512-RHNcDqhTzsrqL2yZ0F8eOsS0UDhThIS0sTfwCY8VRBmVoW8rzLW3gaQhO78xX51A6BPOpcrGkFQjpBPgAqsfdw==}
    dependencies:
      '@girs/gjs': 3.2.3
      '@girs/gobject-2.0': 2.76.1-3.2.3
    dev: true

  /@girs/freetype2-2.0@2.0.0-3.2.3:
    resolution: {integrity: sha512-+2j02Jx7TbvQWDbH87k+AIDdgUescSkcUlhj9fumtvgRR61apvVKnb2QbPYChd8ZHgDvMqu3VAlEVG8vRVN6Iw==}
    dependencies:
      '@girs/gjs': 3.2.3
      '@girs/gobject-2.0': 2.76.1-3.2.3
    dev: true

  /@girs/gdk-4.0@4.0.0-3.2.3:
    resolution: {integrity: sha512-g5H9r9Y7OE1I/unN/KZ0t/b23cseTj0gkQxXvVcXi89/uEfWhVhTuuD63ITR6+890aaAwsEVYEWvQGX1Zz9AnQ==}
    dependencies:
      '@girs/cairo-1.0': 1.0.0-3.2.3
      '@girs/freetype2-2.0': 2.0.0-3.2.3
      '@girs/gdkpixbuf-2.0': 2.0.0-3.2.3
      '@girs/gio-2.0': 2.76.1-3.2.3
      '@girs/gjs': 3.2.3
      '@girs/glib-2.0': 2.76.1-3.2.3
      '@girs/gmodule-2.0': 2.0.0-3.2.3
      '@girs/gobject-2.0': 2.76.1-3.2.3
      '@girs/harfbuzz-0.0': 7.1.0-3.2.3
      '@girs/pango-1.0': 1.50.14-3.2.3
      '@girs/pangocairo-1.0': 1.0.0-3.2.3
    dev: true

  /@girs/gdkpixbuf-2.0@2.0.0-3.2.3:
    resolution: {integrity: sha512-Q4tA8pk7RppRY+z5uehA24xyyhFilnCbge52HHiWC1sjlKTzN1EF82ZSc5vwwmnlFYzYETAXcVo6zqlU3hnNAg==}
    dependencies:
      '@girs/gio-2.0': 2.76.1-3.2.3
      '@girs/gjs': 3.2.3
      '@girs/glib-2.0': 2.76.1-3.2.3
      '@girs/gmodule-2.0': 2.0.0-3.2.3
      '@girs/gobject-2.0': 2.76.1-3.2.3
    dev: true

  /@girs/gio-2.0@2.76.1-3.2.3:
    resolution: {integrity: sha512-6SK2z2YsZrxdoumXW7taI1S2HIBvWcFoKWAot0A5coMskJOnt6HnNxIMTBbN5YhkOs855YHqfaLYeNNU3Y3M2A==}
    dependencies:
      '@girs/gjs': 3.2.3
      '@girs/glib-2.0': 2.76.1-3.2.3
      '@girs/gobject-2.0': 2.76.1-3.2.3
    dev: true

  /@girs/gjs@3.2.3:
    resolution: {integrity: sha512-Ru2OsIM0pyi7xGFEg6tkOSgHZ2OLdGBk+l2OzedAVYN6k6QK/kyknxyCtB7IMggF3djnUgsjjKm6tUVie1q3bA==}
    dependencies:
      '@girs/glib-2.0': 2.76.1-3.2.3
      '@girs/gobject-2.0': 2.76.1-3.2.3
    dev: true

  /@girs/glib-2.0@2.76.1-3.2.3:
    resolution: {integrity: sha512-pY/ZE2WPco9E8Cz5+wTqxEOdVpipEQBRDJXVd/KQCoRjTSvgoMLLEE8B84W0LgOgR8ns99XtGZrf0U0y4qFqyA==}
    dependencies:
      '@girs/gjs': 3.2.3
      '@girs/gobject-2.0': 2.76.1-3.2.3
    dev: true

  /@girs/gmodule-2.0@2.0.0-3.2.3:
    resolution: {integrity: sha512-ayiKEWD1LpNu60YEcVhoq/fFjE2uwEcPiISfgpf24gfmZHv7jLjmSNxerAPdj45IitYsyxFjhkPdYZZlZ8BwVA==}
    dependencies:
      '@girs/gjs': 3.2.3
      '@girs/glib-2.0': 2.76.1-3.2.3
      '@girs/gobject-2.0': 2.76.1-3.2.3
    dev: true

  /@girs/gobject-2.0@2.76.1-3.2.3:
    resolution: {integrity: sha512-9X35d1ZRO4xY9b0iOm51MwjfbgvOGQtNs2A9IWcSlaoI4LB5mCRlPlQ1UFhpqcbbmdrL+Cce/0p3F36x5rn/dg==}
    dependencies:
      '@girs/gjs': 3.2.3
      '@girs/glib-2.0': 2.76.1-3.2.3
    dev: true

  /@girs/graphene-1.0@1.0.0-3.2.3:
    resolution: {integrity: sha512-3jsnANrdminEflL4AuUbbWUEpTUnEW/QJF2/7K89HWW6HlPcJf98g6CQWxWfMpn/p4sMIWc3T/+LQ2QaZbyGCw==}
    dependencies:
      '@girs/gjs': 3.2.3
      '@girs/glib-2.0': 2.76.1-3.2.3
      '@girs/gobject-2.0': 2.76.1-3.2.3
    dev: true

  /@girs/gsk-4.0@4.0.0-3.2.3:
    resolution: {integrity: sha512-zl8JLVwIGg9imv9C4tWjB8ldcKCk2BM3YgF703Cgmyzy0a2N3RF1sjWaGPwZiEbHtjl3DcPzEpknY4xkIJ1Ivw==}
    dependencies:
      '@girs/cairo-1.0': 1.0.0-3.2.3
      '@girs/freetype2-2.0': 2.0.0-3.2.3
      '@girs/gdk-4.0': 4.0.0-3.2.3
      '@girs/gdkpixbuf-2.0': 2.0.0-3.2.3
      '@girs/gio-2.0': 2.76.1-3.2.3
      '@girs/gjs': 3.2.3
      '@girs/glib-2.0': 2.76.1-3.2.3
      '@girs/gmodule-2.0': 2.0.0-3.2.3
      '@girs/gobject-2.0': 2.76.1-3.2.3
      '@girs/graphene-1.0': 1.0.0-3.2.3
      '@girs/harfbuzz-0.0': 7.1.0-3.2.3
      '@girs/pango-1.0': 1.50.14-3.2.3
      '@girs/pangocairo-1.0': 1.0.0-3.2.3
    dev: true

  /@girs/gtk-4.0@4.10.5-3.2.3:
    resolution: {integrity: sha512-52Rb28wqE5++i8yaAJb1RQ9GgIACXVy82POEQTiFZD7y51zMCeyb2OgVUBbj2RndEUOZbuInhnT7vEw1M+7A5g==}
    dependencies:
      '@girs/cairo-1.0': 1.0.0-3.2.3
      '@girs/freetype2-2.0': 2.0.0-3.2.3
      '@girs/gdk-4.0': 4.0.0-3.2.3
      '@girs/gdkpixbuf-2.0': 2.0.0-3.2.3
      '@girs/gio-2.0': 2.76.1-3.2.3
      '@girs/gjs': 3.2.3
      '@girs/glib-2.0': 2.76.1-3.2.3
      '@girs/gmodule-2.0': 2.0.0-3.2.3
      '@girs/gobject-2.0': 2.76.1-3.2.3
      '@girs/graphene-1.0': 1.0.0-3.2.3
      '@girs/gsk-4.0': 4.0.0-3.2.3
      '@girs/harfbuzz-0.0': 7.1.0-3.2.3
      '@girs/pango-1.0': 1.50.14-3.2.3
      '@girs/pangocairo-1.0': 1.0.0-3.2.3
    dev: true

  /@girs/harfbuzz-0.0@7.1.0-3.2.3:
    resolution: {integrity: sha512-z9fpiJBni97ioU2f1BIrfHCoTD2HDt0h2kaa0EL9n6DvzhntRXUc56cRRRohhXMyIwfUJmMOPuiqMFTI8kt4OQ==}
    dependencies:
      '@girs/freetype2-2.0': 2.0.0-3.2.3
      '@girs/gjs': 3.2.3
      '@girs/glib-2.0': 2.76.1-3.2.3
      '@girs/gobject-2.0': 2.76.1-3.2.3
    dev: true

  /@girs/pango-1.0@1.50.14-3.2.3:
    resolution: {integrity: sha512-MCiVij8ute3z70/K20/qiUStA+5tN3OWl7Zc8/Tda/dtFIEOs+eb8keJTkqXrRK7KxAn4q/iFD2SSCJT647ACA==}
    dependencies:
      '@girs/cairo-1.0': 1.0.0-3.2.3
      '@girs/freetype2-2.0': 2.0.0-3.2.3
      '@girs/gio-2.0': 2.76.1-3.2.3
      '@girs/gjs': 3.2.3
      '@girs/glib-2.0': 2.76.1-3.2.3
      '@girs/gobject-2.0': 2.76.1-3.2.3
      '@girs/harfbuzz-0.0': 7.1.0-3.2.3
    dev: true

  /@girs/pangocairo-1.0@1.0.0-3.2.3:
    resolution: {integrity: sha512-+aGqvaFGaNUKD8zKLiplIxTGH3q8F9XhkZ/RhaW8IqLR8eehYChgHezop3xdxw+9Cax8VSkjkZXZuEFVQOVS+Q==}
    dependencies:
      '@girs/cairo-1.0': 1.0.0-3.2.3
      '@girs/freetype2-2.0': 2.0.0-3.2.3
      '@girs/gio-2.0': 2.76.1-3.2.3
      '@girs/gjs': 3.2.3
      '@girs/glib-2.0': 2.76.1-3.2.3
      '@girs/gobject-2.0': 2.76.1-3.2.3
      '@girs/harfbuzz-0.0': 7.1.0-3.2.3
      '@girs/pango-1.0': 1.50.14-3.2.3
    dev: true
